{
  "nodes": {
    "baze": {
      "inputs": {
        "flake-utils": [
          "flake-utils"
        ],
        "nixpkgs": [
          "nixpkgs"
        ]
      },
      "locked": {
        "lastModified": 1756667856,
        "narHash": "sha256-m9hufOJLCOfFJ1/zPBVJbmYcixXJuxq8XNz/55VNLss=",
        "owner": "pcarrier",
        "repo": "baze",
        "rev": "44195cc54493feb3dbea52ea68d814cac7e18b66",
        "type": "github"
      },
      "original": {
        "owner": "pcarrier",
        "repo": "baze",
        "type": "github"
      }
    },
    "flake-compat": {
      "flake": false,
      "locked": {
        "lastModified": 1747046372,
        "narHash": "sha256-CIVLLkVgvHYbgI2UpXvIIBJ12HWgX+fjA8Xf8PUmqCY=",
        "owner": "edolstra",
        "repo": "flake-compat",
        "rev": "9100a0f413b0c601e0533d1d94ffd501ce2e7885",
        "type": "github"
      },
      "original": {
        "owner": "edolstra",
        "repo": "flake-compat",
        "type": "github"
      }
    },
    "flake-compat_2": {
      "flake": false,
      "locked": {
        "lastModified": 1747046372,
        "narHash": "sha256-CIVLLkVgvHYbgI2UpXvIIBJ12HWgX+fjA8Xf8PUmqCY=",
        "owner": "edolstra",
        "repo": "flake-compat",
        "rev": "9100a0f413b0c601e0533d1d94ffd501ce2e7885",
        "type": "github"
      },
      "original": {
        "owner": "edolstra",
        "repo": "flake-compat",
        "type": "github"
      }
    },
    "flake-utils": {
      "inputs": {
        "systems": "systems"
      },
      "locked": {
        "lastModified": 1731533236,
        "narHash": "sha256-l0KFg5HjrsfsO/JpG+r7fRrqm12kzFHyUHqHCVpMMbI=",
        "owner": "numtide",
        "repo": "flake-utils",
        "rev": "11707dc2f618dd54ca8739b309ec4fc024de578b",
        "type": "github"
      },
      "original": {
        "owner": "numtide",
        "repo": "flake-utils",
        "type": "github"
      }
    },
    "home-manager": {
      "inputs": {
        "nixpkgs": [
          "nixpkgs"
        ]
      },
      "locked": {
        "lastModified": 1758375677,
        "narHash": "sha256-BLtD+6qWz7fQjPk2wpwyXQLGI0E30Ikgf2ppn2nVadI=",
        "owner": "nix-community",
        "repo": "home-manager",
        "rev": "edc7468e12be92e926847cb02418e649b02b59dd",
        "type": "github"
      },
      "original": {
        "owner": "nix-community",
        "repo": "home-manager",
        "type": "github"
      }
    },
    "jovian": {
      "inputs": {
        "nix-github-actions": "nix-github-actions",
        "nixpkgs": [
          "nixpkgs"
        ]
      },
      "locked": {
        "lastModified": 1757230583,
        "narHash": "sha256-4uqu7sFPOaVTCogsxaGMgbzZ2vK40GVGMfUmrvK3/LY=",
        "owner": "Jovian-Experiments",
        "repo": "Jovian-NixOS",
        "rev": "fc3960e6c32c9d4f95fff2ef84444284d24d3bea",
        "type": "github"
      },
      "original": {
        "owner": "Jovian-Experiments",
        "repo": "Jovian-NixOS",
        "type": "github"
      }
    },
    "nix-github-actions": {
      "inputs": {
        "nixpkgs": [
          "jovian",
          "nixpkgs"
        ]
      },
      "locked": {
        "lastModified": 1729697500,
        "narHash": "sha256-VFTWrbzDlZyFHHb1AlKRiD/qqCJIripXKiCSFS8fAOY=",
        "owner": "zhaofengli",
        "repo": "nix-github-actions",
        "rev": "e418aeb728b6aa5ca8c5c71974e7159c2df1d8cf",
        "type": "github"
      },
      "original": {
        "owner": "zhaofengli",
        "ref": "matrix-name",
        "repo": "nix-github-actions",
        "type": "github"
      }
    },
    "nix-index": {
      "inputs": {
        "flake-compat": "flake-compat",
        "nixpkgs": [
          "nixpkgs"
        ]
      },
      "locked": {
        "lastModified": 1756113554,
        "narHash": "sha256-fFDr5BYisjkEFSgf+dGJTuhMUaH0aVE6Qy3Ql2EOJ2I=",
        "owner": "nix-community",
        "repo": "nix-index",
        "rev": "0fc38040a22a08052103d0fbbafd67ac54165f2b",
        "type": "github"
      },
      "original": {
        "owner": "nix-community",
        "repo": "nix-index",
        "type": "github"
      }
    },
    "nixos-wsl": {
      "inputs": {
        "flake-compat": "flake-compat_2",
        "nixpkgs": [
          "nixpkgs"
        ]
      },
      "locked": {
        "lastModified": 1758123407,
        "narHash": "sha256-4qwMlR0Q4Zr2rjUFauYIldfjzffYt3G5tZ1uPFPPYGU=",
        "owner": "nix-community",
        "repo": "NixOS-WSL",
        "rev": "ba2b3b6c0bc42442559a3b090f032bc8d501f5e3",
        "type": "github"
      },
      "original": {
        "owner": "nix-community",
        "repo": "NixOS-WSL",
        "type": "github"
      }
    },
    "nixpkgs": {
      "locked": {
        "lastModified": 1758262103,
        "narHash": "sha256-aBGl3XEOsjWw6W3AHiKibN7FeoG73dutQQEqnd/etR8=",
        "owner": "NixOS",
        "repo": "nixpkgs",
        "rev": "12bd230118a1901a4a5d393f9f56b6ad7e571d01",
        "type": "github"
      },
      "original": {
        "owner": "NixOS",
        "ref": "nixpkgs-unstable",
        "repo": "nixpkgs",
        "type": "github"
      }
    },
    "nixpkgs-master": {
      "locked": {
        "lastModified": 1758405760,
        "narHash": "sha256-nZPhuZ4kSzW0wWx8kUPFLyFwBLXqd2DQ7LDcU4nlSLY=",
        "owner": "NixOS",
        "repo": "nixpkgs",
        "rev": "0007eb05f9a48097ea481ea30926ee63a6c9c3ea",
        "type": "github"
      },
      "original": {
        "owner": "NixOS",
        "ref": "master",
        "repo": "nixpkgs",
        "type": "github"
      }
    },
    "root": {
      "inputs": {
        "baze": "baze",
        "flake-utils": "flake-utils",
        "home-manager": "home-manager",
        "jovian": "jovian",
        "nix-index": "nix-index",
        "nixos-wsl": "nixos-wsl",
        "nixpkgs": "nixpkgs",
        "nixpkgs-master": "nixpkgs-master",
        "tomorrowTheme": "tomorrowTheme"
      }
    },
    "systems": {
      "locked": {
        "lastModified": 1681028828,
        "narHash": "sha256-Vy1rq5AaRuLzOxct8nz4T6wlgyUR7zLU309k9mBC768=",
        "owner": "nix-systems",
        "repo": "default",
        "rev": "da67096a3b9bf56a91d16901293e51ba5b49a27e",
        "type": "github"
      },
      "original": {
        "owner": "nix-systems",
        "repo": "default",
        "type": "github"
      }
    },
    "tomorrowTheme": {
      "flake": false,
      "locked": {
        "lastModified": 1657362863,
        "narHash": "sha256-G9NOFKP9GX8lKIoHVska6xAY9AKKMenZuVkx0YgfQyA=",
        "owner": "chriskempson",
        "repo": "tomorrow-theme",
        "rev": "ccf6666d888198d341b26b3a99d0bc96500ad503",
        "type": "github"
      },
      "original": {
        "owner": "chriskempson",
        "repo": "tomorrow-theme",
        "type": "github"
      }
    }
  },
  "root": "root",
  "version": 7
}
